// !$*UTF8*$!
{
	archiveVersion = 1;
	classes = {
	};
	objectVersion = 48;
	objects = {

/* Begin PBXBuildFile section */
		FA18EBCB2080E1A3000A7C69 /* Booking.swift in Sources */ = {isa = PBXBuildFile; fileRef = FA18EBCA2080E1A3000A7C69 /* Booking.swift */; };
		FA18EBCE2080E201000A7C69 /* BookingTableViewCell.swift in Sources */ = {isa = PBXBuildFile; fileRef = FA18EBCD2080E201000A7C69 /* BookingTableViewCell.swift */; };
		FAA54973207FA94500A3F791 /* BookingDetailsViewController.swift in Sources */ = {isa = PBXBuildFile; fileRef = FAA54972207FA94500A3F791 /* BookingDetailsViewController.swift */; };
		FAFA9DC6207F51A400C7B457 /* AppDelegate.swift in Sources */ = {isa = PBXBuildFile; fileRef = FAFA9DC5207F51A400C7B457 /* AppDelegate.swift */; };
		FAFA9DC8207F51A400C7B457 /* OnboardingViewController.swift in Sources */ = {isa = PBXBuildFile; fileRef = FAFA9DC7207F51A400C7B457 /* OnboardingViewController.swift */; };
		FAFA9DCD207F51A400C7B457 /* Assets.xcassets in Resources */ = {isa = PBXBuildFile; fileRef = FAFA9DCC207F51A400C7B457 /* Assets.xcassets */; };
		FAFA9DD0207F51A400C7B457 /* LaunchScreen.storyboard in Resources */ = {isa = PBXBuildFile; fileRef = FAFA9DCE207F51A400C7B457 /* LaunchScreen.storyboard */; };
		FAFA9DD8207F51E200C7B457 /* Navigator.swift in Sources */ = {isa = PBXBuildFile; fileRef = FAFA9DD7207F51E200C7B457 /* Navigator.swift */; };
		FAFA9DDA207F520900C7B457 /* AppNavigator.swift in Sources */ = {isa = PBXBuildFile; fileRef = FAFA9DD9207F520900C7B457 /* AppNavigator.swift */; };
		FAFA9DDE207F526800C7B457 /* Basics.swift in Sources */ = {isa = PBXBuildFile; fileRef = FAFA9DDD207F526800C7B457 /* Basics.swift */; };
		FAFA9DE0207F573A00C7B457 /* UIView+Autolayout.swift in Sources */ = {isa = PBXBuildFile; fileRef = FAFA9DDF207F573A00C7B457 /* UIView+Autolayout.swift */; };
		FAFA9DE3207F810D00C7B457 /* MoreMenuViewController.swift in Sources */ = {isa = PBXBuildFile; fileRef = FAFA9DE2207F810D00C7B457 /* MoreMenuViewController.swift */; };
		FAFA9DE5207F811300C7B457 /* BookingsViewController.swift in Sources */ = {isa = PBXBuildFile; fileRef = FAFA9DE4207F811300C7B457 /* BookingsViewController.swift */; };
		FAFA9DE8207F866C00C7B457 /* MoreMenuNavigator.swift in Sources */ = {isa = PBXBuildFile; fileRef = FAFA9DE7207F866C00C7B457 /* MoreMenuNavigator.swift */; };
		FAFA9DEA207F869F00C7B457 /* BookingsNavigator.swift in Sources */ = {isa = PBXBuildFile; fileRef = FAFA9DE9207F869F00C7B457 /* BookingsNavigator.swift */; };
		FAFA9DEC207F8B1B00C7B457 /* SettingsViewController.swift in Sources */ = {isa = PBXBuildFile; fileRef = FAFA9DEB207F8B1B00C7B457 /* SettingsViewController.swift */; };
/* End PBXBuildFile section */

/* Begin PBXFileReference section */
		FA18EBCA2080E1A3000A7C69 /* Booking.swift */ = {isa = PBXFileReference; lastKnownFileType = sourcecode.swift; path = Booking.swift; sourceTree = "<group>"; };
		FA18EBCD2080E201000A7C69 /* BookingTableViewCell.swift */ = {isa = PBXFileReference; lastKnownFileType = sourcecode.swift; path = BookingTableViewCell.swift; sourceTree = "<group>"; };
		FAA54972207FA94500A3F791 /* BookingDetailsViewController.swift */ = {isa = PBXFileReference; lastKnownFileType = sourcecode.swift; path = BookingDetailsViewController.swift; sourceTree = "<group>"; };
		FAFA9DC2207F51A400C7B457 /* AppNavigation.app */ = {isa = PBXFileReference; explicitFileType = wrapper.application; includeInIndex = 0; path = AppNavigation.app; sourceTree = BUILT_PRODUCTS_DIR; };
		FAFA9DC5207F51A400C7B457 /* AppDelegate.swift */ = {isa = PBXFileReference; lastKnownFileType = sourcecode.swift; path = AppDelegate.swift; sourceTree = "<group>"; };
		FAFA9DC7207F51A400C7B457 /* OnboardingViewController.swift */ = {isa = PBXFileReference; lastKnownFileType = sourcecode.swift; path = OnboardingViewController.swift; sourceTree = "<group>"; };
		FAFA9DCC207F51A400C7B457 /* Assets.xcassets */ = {isa = PBXFileReference; lastKnownFileType = folder.assetcatalog; path = Assets.xcassets; sourceTree = "<group>"; };
		FAFA9DCF207F51A400C7B457 /* Base */ = {isa = PBXFileReference; lastKnownFileType = file.storyboard; name = Base; path = Base.lproj/LaunchScreen.storyboard; sourceTree = "<group>"; };
		FAFA9DD1207F51A400C7B457 /* Info.plist */ = {isa = PBXFileReference; lastKnownFileType = text.plist.xml; path = Info.plist; sourceTree = "<group>"; };
		FAFA9DD7207F51E200C7B457 /* Navigator.swift */ = {isa = PBXFileReference; lastKnownFileType = sourcecode.swift; path = Navigator.swift; sourceTree = "<group>"; };
		FAFA9DD9207F520900C7B457 /* AppNavigator.swift */ = {isa = PBXFileReference; lastKnownFileType = sourcecode.swift; path = AppNavigator.swift; sourceTree = "<group>"; };
		FAFA9DDD207F526800C7B457 /* Basics.swift */ = {isa = PBXFileReference; lastKnownFileType = sourcecode.swift; path = Basics.swift; sourceTree = "<group>"; };
		FAFA9DDF207F573A00C7B457 /* UIView+Autolayout.swift */ = {isa = PBXFileReference; lastKnownFileType = sourcecode.swift; path = "UIView+Autolayout.swift"; sourceTree = "<group>"; };
		FAFA9DE2207F810D00C7B457 /* MoreMenuViewController.swift */ = {isa = PBXFileReference; lastKnownFileType = sourcecode.swift; path = MoreMenuViewController.swift; sourceTree = "<group>"; };
		FAFA9DE4207F811300C7B457 /* BookingsViewController.swift */ = {isa = PBXFileReference; lastKnownFileType = sourcecode.swift; path = BookingsViewController.swift; sourceTree = "<group>"; };
		FAFA9DE7207F866C00C7B457 /* MoreMenuNavigator.swift */ = {isa = PBXFileReference; lastKnownFileType = sourcecode.swift; path = MoreMenuNavigator.swift; sourceTree = "<group>"; };
		FAFA9DE9207F869F00C7B457 /* BookingsNavigator.swift */ = {isa = PBXFileReference; lastKnownFileType = sourcecode.swift; path = BookingsNavigator.swift; sourceTree = "<group>"; };
		FAFA9DEB207F8B1B00C7B457 /* SettingsViewController.swift */ = {isa = PBXFileReference; lastKnownFileType = sourcecode.swift; path = SettingsViewController.swift; sourceTree = "<group>"; };
/* End PBXFileReference section */

/* Begin PBXFrameworksBuildPhase section */
		FAFA9DBF207F51A400C7B457 /* Frameworks */ = {
			isa = PBXFrameworksBuildPhase;
			buildActionMask = 2147483647;
			files = (
			);
			runOnlyForDeploymentPostprocessing = 0;
		};
/* End PBXFrameworksBuildPhase section */

/* Begin PBXGroup section */
		FA18EBC92080E198000A7C69 /* Models */ = {
			isa = PBXGroup;
			children = (
				FA18EBCA2080E1A3000A7C69 /* Booking.swift */,
			);
			path = Models;
			sourceTree = "<group>";
		};
		FA18EBCC2080E1F6000A7C69 /* Views */ = {
			isa = PBXGroup;
			children = (
				FA18EBCD2080E201000A7C69 /* BookingTableViewCell.swift */,
			);
			path = Views;
			sourceTree = "<group>";
		};
		FAFA9DB9207F51A400C7B457 = {
			isa = PBXGroup;
			children = (
				FAFA9DC4207F51A400C7B457 /* AppNavigation */,
				FAFA9DC3207F51A400C7B457 /* Products */,
			);
			sourceTree = "<group>";
		};
		FAFA9DC3207F51A400C7B457 /* Products */ = {
			isa = PBXGroup;
			children = (
				FAFA9DC2207F51A400C7B457 /* AppNavigation.app */,
			);
			name = Products;
			sourceTree = "<group>";
		};
		FAFA9DC4207F51A400C7B457 /* AppNavigation */ = {
			isa = PBXGroup;
			children = (
				FA18EBCC2080E1F6000A7C69 /* Views */,
				FA18EBC92080E198000A7C69 /* Models */,
				FAFA9DE6207F848100C7B457 /* Navigators */,
				FAFA9DE1207F80F900C7B457 /* ViewControllers */,
				FAFA9DC5207F51A400C7B457 /* AppDelegate.swift */,
				FAFA9DCC207F51A400C7B457 /* Assets.xcassets */,
				FAFA9DCE207F51A400C7B457 /* LaunchScreen.storyboard */,
				FAFA9DD1207F51A400C7B457 /* Info.plist */,
				FAFA9DDD207F526800C7B457 /* Basics.swift */,
				FAFA9DDF207F573A00C7B457 /* UIView+Autolayout.swift */,
			);
			path = AppNavigation;
			sourceTree = "<group>";
		};
		FAFA9DE1207F80F900C7B457 /* ViewControllers */ = {
			isa = PBXGroup;
			children = (
				FAFA9DC7207F51A400C7B457 /* OnboardingViewController.swift */,
				FAFA9DE2207F810D00C7B457 /* MoreMenuViewController.swift */,
				FAFA9DE4207F811300C7B457 /* BookingsViewController.swift */,
				FAFA9DEB207F8B1B00C7B457 /* SettingsViewController.swift */,
				FAA54972207FA94500A3F791 /* BookingDetailsViewController.swift */,
			);
			path = ViewControllers;
			sourceTree = "<group>";
		};
		FAFA9DE6207F848100C7B457 /* Navigators */ = {
			isa = PBXGroup;
			children = (
				FAFA9DD7207F51E200C7B457 /* Navigator.swift */,
				FAFA9DD9207F520900C7B457 /* AppNavigator.swift */,
				FAFA9DE7207F866C00C7B457 /* MoreMenuNavigator.swift */,
				FAFA9DE9207F869F00C7B457 /* BookingsNavigator.swift */,
			);
			path = Navigators;
			sourceTree = "<group>";
		};
/* End PBXGroup section */

/* Begin PBXNativeTarget section */
		FAFA9DC1207F51A400C7B457 /* AppNavigation */ = {
			isa = PBXNativeTarget;
			buildConfigurationList = FAFA9DD4207F51A400C7B457 /* Build configuration list for PBXNativeTarget "AppNavigation" */;
			buildPhases = (
				FAFA9DBE207F51A400C7B457 /* Sources */,
				FAFA9DBF207F51A400C7B457 /* Frameworks */,
				FAFA9DC0207F51A400C7B457 /* Resources */,
			);
			buildRules = (
			);
			dependencies = (
			);
			name = AppNavigation;
			productName = AppNavigation;
			productReference = FAFA9DC2207F51A400C7B457 /* AppNavigation.app */;
			productType = "com.apple.product-type.application";
		};
/* End PBXNativeTarget section */

/* Begin PBXProject section */
		FAFA9DBA207F51A400C7B457 /* Project object */ = {
			isa = PBXProject;
			attributes = {
				LastSwiftUpdateCheck = 0920;
				LastUpgradeCheck = 0920;
				ORGANIZATIONNAME = eBerry;
				TargetAttributes = {
					FAFA9DC1207F51A400C7B457 = {
						CreatedOnToolsVersion = 9.2;
						ProvisioningStyle = Automatic;
					};
				};
			};
			buildConfigurationList = FAFA9DBD207F51A400C7B457 /* Build configuration list for PBXProject "AppNavigation" */;
			compatibilityVersion = "Xcode 8.0";
			developmentRegion = en;
			hasScannedForEncodings = 0;
			knownRegions = (
				en,
				Base,
			);
			mainGroup = FAFA9DB9207F51A400C7B457;
			productRefGroup = FAFA9DC3207F51A400C7B457 /* Products */;
			projectDirPath = "";
			projectRoot = "";
			targets = (
				FAFA9DC1207F51A400C7B457 /* AppNavigation */,
			);
		};
/* End PBXProject section */

/* Begin PBXResourcesBuildPhase section */
		FAFA9DC0207F51A400C7B457 /* Resources */ = {
			isa = PBXResourcesBuildPhase;
			buildActionMask = 2147483647;
			files = (
				FAFA9DD0207F51A400C7B457 /* LaunchScreen.storyboard in Resources */,
				FAFA9DCD207F51A400C7B457 /* Assets.xcassets in Resources */,
			);
			runOnlyForDeploymentPostprocessing = 0;
		};
/* End PBXResourcesBuildPhase section */

/* Begin PBXSourcesBuildPhase section */
		FAFA9DBE207F51A400C7B457 /* Sources */ = {
			isa = PBXSourcesBuildPhase;
			buildActionMask = 2147483647;
			files = (
				FAFA9DDE207F526800C7B457 /* Basics.swift in Sources */,
				FAFA9DE0207F573A00C7B457 /* UIView+Autolayout.swift in Sources */,
				FAFA9DEC207F8B1B00C7B457 /* SettingsViewController.swift in Sources */,
				FAFA9DC8207F51A400C7B457 /* OnboardingViewController.swift in Sources */,
				FAFA9DE5207F811300C7B457 /* BookingsViewController.swift in Sources */,
				FA18EBCB2080E1A3000A7C69 /* Booking.swift in Sources */,
				FAFA9DDA207F520900C7B457 /* AppNavigator.swift in Sources */,
				FAFA9DEA207F869F00C7B457 /* BookingsNavigator.swift in Sources */,
				FAA54973207FA94500A3F791 /* BookingDetailsViewController.swift in Sources */,
				FA18EBCE2080E201000A7C69 /* BookingTableViewCell.swift in Sources */,
				FAFA9DC6207F51A400C7B457 /* AppDelegate.swift in Sources */,
				FAFA9DE3207F810D00C7B457 /* MoreMenuViewController.swift in Sources */,
				FAFA9DE8207F866C00C7B457 /* MoreMenuNavigator.swift in Sources */,
				FAFA9DD8207F51E200C7B457 /* Navigator.swift in Sources */,
			);
			runOnlyForDeploymentPostprocessing = 0;
		};
/* End PBXSourcesBuildPhase section */

/* Begin PBXVariantGroup section */
		FAFA9DCE207F51A400C7B457 /* LaunchScreen.storyboard */ = {
			isa = PBXVariantGroup;
			children = (
				FAFA9DCF207F51A400C7B457 /* Base */,
			);
			name = LaunchScreen.storyboard;
			sourceTree = "<group>";
		};
/* End PBXVariantGroup section */

/* Begin XCBuildConfiguration section */
		FAFA9DD2207F51A400C7B457 /* Debug */ = {
			isa = XCBuildConfiguration;
			buildSettings = {
				ALWAYS_SEARCH_USER_PATHS = NO;
				CLANG_ANALYZER_NONNULL = YES;
				CLANG_ANALYZER_NUMBER_OBJECT_CONVERSION = YES_AGGRESSIVE;
				CLANG_CXX_LANGUAGE_STANDARD = "gnu++14";
				CLANG_CXX_LIBRARY = "libc++";
				CLANG_ENABLE_MODULES = YES;
				CLANG_ENABLE_OBJC_ARC = YES;
				CLANG_WARN_BLOCK_CAPTURE_AUTORELEASING = YES;
				CLANG_WARN_BOOL_CONVERSION = YES;
				CLANG_WARN_COMMA = YES;
				CLANG_WARN_CONSTANT_CONVERSION = YES;
				CLANG_WARN_DIRECT_OBJC_ISA_USAGE = YES_ERROR;
				CLANG_WARN_DOCUMENTATION_COMMENTS = YES;
				CLANG_WARN_EMPTY_BODY = YES;
				CLANG_WARN_ENUM_CONVERSION = YES;
				CLANG_WARN_INFINITE_RECURSION = YES;
				CLANG_WARN_INT_CONVERSION = YES;
				CLANG_WARN_NON_LITERAL_NULL_CONVERSION = YES;
				CLANG_WARN_OBJC_LITERAL_CONVERSION = YES;
				CLANG_WARN_OBJC_ROOT_CLASS = YES_ERROR;
				CLANG_WARN_RANGE_LOOP_ANALYSIS = YES;
				CLANG_WARN_STRICT_PROTOTYPES = YES;
				CLANG_WARN_SUSPICIOUS_MOVE = YES;
				CLANG_WARN_UNGUARDED_AVAILABILITY = YES_AGGRESSIVE;
				CLANG_WARN_UNREACHABLE_CODE = YES;
				CLANG_WARN__DUPLICATE_METHOD_MATCH = YES;
				CODE_SIGN_IDENTITY = "iPhone Developer";
				COPY_PHASE_STRIP = NO;
				DEBUG_INFORMATION_FORMAT = dwarf;
				ENABLE_STRICT_OBJC_MSGSEND = YES;
				ENABLE_TESTABILITY = YES;
				GCC_C_LANGUAGE_STANDARD = gnu11;
				GCC_DYNAMIC_NO_PIC = NO;
				GCC_NO_COMMON_BLOCKS = YES;
				GCC_OPTIMIZATION_LEVEL = 0;
				GCC_PREPROCESSOR_DEFINITIONS = (
					"DEBUG=1",
					"$(inherited)",
				);
				GCC_WARN_64_TO_32_BIT_CONVERSION = YES;
				GCC_WARN_ABOUT_RETURN_TYPE = YES_ERROR;
				GCC_WARN_UNDECLARED_SELECTOR = YES;
				GCC_WARN_UNINITIALIZED_AUTOS = YES_AGGRESSIVE;
				GCC_WARN_UNUSED_FUNCTION = YES;
				GCC_WARN_UNUSED_VARIABLE = YES;
				IPHONEOS_DEPLOYMENT_TARGET = 11.2;
				MTL_ENABLE_DEBUG_INFO = YES;
				ONLY_ACTIVE_ARCH = YES;
				SDKROOT = iphoneos;
				SWIFT_ACTIVE_COMPILATION_CONDITIONS = DEBUG;
				SWIFT_OPTIMIZATION_LEVEL = "-Onone";
			};
			name = Debug;
		};
		FAFA9DD3207F51A400C7B457 /* Release */ = {
			isa = XCBuildConfiguration;
			buildSettings = {
				ALWAYS_SEARCH_USER_PATHS = NO;
				CLANG_ANALYZER_NONNULL = YES;
				CLANG_ANALYZER_NUMBER_OBJECT_CONVERSION = YES_AGGRESSIVE;
				CLANG_CXX_LANGUAGE_STANDARD = "gnu++14";
				CLANG_CXX_LIBRARY = "libc++";
				CLANG_ENABLE_MODULES = YES;
				CLANG_ENABLE_OBJC_ARC = YES;
				CLANG_WARN_BLOCK_CAPTURE_AUTORELEASING = YES;
				CLANG_WARN_BOOL_CONVERSION = YES;
				CLANG_WARN_COMMA = YES;
				CLANG_WARN_CONSTANT_CONVERSION = YES;
				CLANG_WARN_DIRECT_OBJC_ISA_USAGE = YES_ERROR;
				CLANG_WARN_DOCUMENTATION_COMMENTS = YES;
				CLANG_WARN_EMPTY_BODY = YES;
				CLANG_WARN_ENUM_CONVERSION = YES;
				CLANG_WARN_INFINITE_RECURSION = YES;
				CLANG_WARN_INT_CONVERSION = YES;
				CLANG_WARN_NON_LITERAL_NULL_CONVERSION = YES;
				CLANG_WARN_OBJC_LITERAL_CONVERSION = YES;
				CLANG_WARN_OBJC_ROOT_CLASS = YES_ERROR;
				CLANG_WARN_RANGE_LOOP_ANALYSIS = YES;
				CLANG_WARN_STRICT_PROTOTYPES = YES;
				CLANG_WARN_SUSPICIOUS_MOVE = YES;
				CLANG_WARN_UNGUARDED_AVAILABILITY = YES_AGGRESSIVE;
				CLANG_WARN_UNREACHABLE_CODE = YES;
				CLANG_WARN__DUPLICATE_METHOD_MATCH = YES;
				CODE_SIGN_IDENTITY = "iPhone Developer";
				COPY_PHASE_STRIP = NO;
				DEBUG_INFORMATION_FORMAT = "dwarf-with-dsym";
				ENABLE_NS_ASSERTIONS = NO;
				ENABLE_STRICT_OBJC_MSGSEND = YES;
				GCC_C_LANGUAGE_STANDARD = gnu11;
				GCC_NO_COMMON_BLOCKS = YES;
				GCC_WARN_64_TO_32_BIT_CONVERSION = YES;
				GCC_WARN_ABOUT_RETURN_TYPE = YES_ERROR;
				GCC_WARN_UNDECLARED_SELECTOR = YES;
				GCC_WARN_UNINITIALIZED_AUTOS = YES_AGGRESSIVE;
				GCC_WARN_UNUSED_FUNCTION = YES;
				GCC_WARN_UNUSED_VARIABLE = YES;
				IPHONEOS_DEPLOYMENT_TARGET = 11.2;
				MTL_ENABLE_DEBUG_INFO = NO;
				SDKROOT = iphoneos;
				SWIFT_OPTIMIZATION_LEVEL = "-Owholemodule";
				VALIDATE_PRODUCT = YES;
			};
			name = Release;
		};
		FAFA9DD5207F51A400C7B457 /* Debug */ = {
			isa = XCBuildConfiguration;
			buildSettings = {
				ASSETCATALOG_COMPILER_APPICON_NAME = AppIcon;
				CODE_SIGN_STYLE = Automatic;
				DEVELOPMENT_TEAM = 3DAW4QVV9L;
				INFOPLIST_FILE = AppNavigation/Info.plist;
				LD_RUNPATH_SEARCH_PATHS = "$(inherited) @executable_path/Frameworks";
				PRODUCT_BUNDLE_IDENTIFIER = com.eberry.appnavigation;
				PRODUCT_NAME = "$(TARGET_NAME)";
				SWIFT_VERSION = 4.0;
				TARGETED_DEVICE_FAMILY = "1,2";
			};
			name = Debug;
		};
		FAFA9DD6207F51A400C7B457 /* Release */ = {
			isa = XCBuildConfiguration;
			buildSettings = {
				ASSETCATALOG_COMPILER_APPICON_NAME = AppIcon;
				CODE_SIGN_STYLE = Automatic;
				DEVELOPMENT_TEAM = 3DAW4QVV9L;
				INFOPLIST_FILE = AppNavigation/Info.plist;
				LD_RUNPATH_SEARCH_PATHS = "$(inherited) @executable_path/Frameworks";
				PRODUCT_BUNDLE_IDENTIFIER = com.eberry.appnavigation;
				PRODUCT_NAME = "$(TARGET_NAME)";
				SWIFT_VERSION = 4.0;
				TARGETED_DEVICE_FAMILY = "1,2";
			};
			name = Release;
		};
/* End XCBuildConfiguration section */

/* Begin XCConfigurationList section */
		FAFA9DBD207F51A400C7B457 /* Build configuration list for PBXProject "AppNavigation" */ = {
			isa = XCConfigurationList;
			buildConfigurations = (
				FAFA9DD2207F51A400C7B457 /* Debug */,
				FAFA9DD3207F51A400C7B457 /* Release */,
			);
			defaultConfigurationIsVisible = 0;
			defaultConfigurationName = Release;
		};
		FAFA9DD4207F51A400C7B457 /* Build configuration list for PBXNativeTarget "AppNavigation" */ = {
			isa = XCConfigurationList;
			buildConfigurations = (
				FAFA9DD5207F51A400C7B457 /* Debug */,
				FAFA9DD6207F51A400C7B457 /* Release */,
			);
			defaultConfigurationIsVisible = 0;
			defaultConfigurationName = Release;
		};
/* End XCConfigurationList section */
	};
	rootObject = FAFA9DBA207F51A400C7B457 /* Project object */;
}
